
Microsoft Visual Studio Solution File, Format Version 12.00
# Visual Studio 15
Project("{FAE04EC0-301F-11D3-BF4B-00C04F79EFBC}") = "Assembly-CSharp", "Assembly-CSharp.csproj", "{C39ECC34-5DE0-9DBA-820D-5CA6A317D46D}"
EndProject
Global
	GlobalSection(SolutionConfigurationPlatforms) = preSolution
		Debug|Any CPU = Debug|Any CPU
		Release|Any CPU = Release|Any CPU
	EndGlobalSection
	GlobalSection(ProjectConfigurationPlatforms) = postSolution
		{C39ECC34-5DE0-9DBA-820D-5CA6A317D46D}.Debug|Any CPU.ActiveCfg = Debug|Any CPU
		{C39ECC34-5DE0-9DBA-820D-5CA6A317D46D}.Debug|Any CPU.Build.0 = Debug|Any CPU
		{C39ECC34-5DE0-9DBA-820D-5CA6A317D46D}.Release|Any CPU.ActiveCfg = Release|Any CPU
		{C39ECC34-5DE0-9DBA-820D-5CA6A317D46D}.Release|Any CPU.Build.0 = Release|Any CPU
	EndGlobalSection
	GlobalSection(SolutionProperties) = preSolution
		HideSolutionNode = FALSE
	EndGlobalSection
EndGlobal
